
Microsoft Visual Studio Solution File, Format Version 12.00
# Visual Studio Version 17
VisualStudioVersion = 17.10.35013.160
MinimumVisualStudioVersion = 10.0.40219.1
Project("{2150E333-8FDC-42A3-9474-1A3956D46DE8}") = "Services", "Services", "{60C2679B-E44F-4386-8056-11C0975B70BF}"
EndProject
Project("{2150E333-8FDC-42A3-9474-1A3956D46DE8}") = "Catalog", "Catalog", "{AE50C3FC-48C8-40FF-8F5F-E0925A801CCB}"
EndProject
Project("{9A19103F-16F7-4668-BE54-9A1E7A4F7556}") = "Catalog.API", "Services\Catalog\Catalog.API\Catalog.API.csproj", "{83DF9125-E919-4158-A03B-97441B08470D}"
EndProject
Project("{2150E333-8FDC-42A3-9474-1A3956D46DE8}") = "BuildingBlocks", "BuildingBlocks", "{85D72857-070C-4EB3-8F9B-782856C84C7A}"
EndProject
Project("{FAE04EC0-301F-11D3-BF4B-00C04F79EFBC}") = "BuildingBlocks", "BuildingBlocks\BuildingBlocks\BuildingBlocks.csproj", "{3F51C5F7-5538-4F64-B9F0-CB70B67E8834}"
EndProject
Global
	GlobalSection(SolutionConfigurationPlatforms) = preSolution
		Debug|Any CPU = Debug|Any CPU
		Release|Any CPU = Release|Any CPU
	EndGlobalSection
	GlobalSection(ProjectConfigurationPlatforms) = postSolution
		{83DF9125-E919-4158-A03B-97441B08470D}.Debug|Any CPU.ActiveCfg = Debug|Any CPU
		{83DF9125-E919-4158-A03B-97441B08470D}.Debug|Any CPU.Build.0 = Debug|Any CPU
		{83DF9125-E919-4158-A03B-97441B08470D}.Release|Any CPU.ActiveCfg = Release|Any CPU
		{83DF9125-E919-4158-A03B-97441B08470D}.Release|Any CPU.Build.0 = Release|Any CPU
		{3F51C5F7-5538-4F64-B9F0-CB70B67E8834}.Debug|Any CPU.ActiveCfg = Debug|Any CPU
		{3F51C5F7-5538-4F64-B9F0-CB70B67E8834}.Debug|Any CPU.Build.0 = Debug|Any CPU
		{3F51C5F7-5538-4F64-B9F0-CB70B67E8834}.Release|Any CPU.ActiveCfg = Release|Any CPU
		{3F51C5F7-5538-4F64-B9F0-CB70B67E8834}.Release|Any CPU.Build.0 = Release|Any CPU
	EndGlobalSection
	GlobalSection(SolutionProperties) = preSolution
		HideSolutionNode = FALSE
	EndGlobalSection
	GlobalSection(NestedProjects) = preSolution
		{AE50C3FC-48C8-40FF-8F5F-E0925A801CCB} = {60C2679B-E44F-4386-8056-11C0975B70BF}
		{83DF9125-E919-4158-A03B-97441B08470D} = {AE50C3FC-48C8-40FF-8F5F-E0925A801CCB}
		{3F51C5F7-5538-4F64-B9F0-CB70B67E8834} = {85D72857-070C-4EB3-8F9B-782856C84C7A}
	EndGlobalSection
	GlobalSection(ExtensibilityGlobals) = postSolution
		SolutionGuid = {97F352E4-B502-4671-98AF-AD0997E3CC83}
	EndGlobalSection
EndGlobal
