
Microsoft Visual Studio Solution File, Format Version 12.00
# Visual Studio Version 17
VisualStudioVersion = 17.10.35013.160
MinimumVisualStudioVersion = 10.0.40219.1
Project("{2150E333-8FDC-42A3-9474-1A3956D46DE8}") = "Services", "Services", "{60C2679B-E44F-4386-8056-11C0975B70BF}"
EndProject
Project("{2150E333-8FDC-42A3-9474-1A3956D46DE8}") = "Catalog", "Catalog", "{AE50C3FC-48C8-40FF-8F5F-E0925A801CCB}"
EndProject
Project("{9A19103F-16F7-4668-BE54-9A1E7A4F7556}") = "Catalog.API", "Services\Catalog\Catalog.API\Catalog.API.csproj", "{83DF9125-E919-4158-A03B-97441B08470D}"
	ProjectSection(ProjectDependencies) = postProject
		{07C5511C-A884-4AD2-8C46-7FA58FE77914} = {07C5511C-A884-4AD2-8C46-7FA58FE77914}
	EndProjectSection
EndProject
Project("{2150E333-8FDC-42A3-9474-1A3956D46DE8}") = "BuildingBlocks", "BuildingBlocks", "{85D72857-070C-4EB3-8F9B-782856C84C7A}"
EndProject
Project("{9A19103F-16F7-4668-BE54-9A1E7A4F7556}") = "BuildingBlocks", "BuildingBlocks\BuildingBlocks\BuildingBlocks.csproj", "{3F51C5F7-5538-4F64-B9F0-CB70B67E8834}"
EndProject
Project("{E53339B2-1760-4266-BCC7-CA923CBCF16C}") = "docker-compose", "docker-compose.dcproj", "{07C5511C-A884-4AD2-8C46-7FA58FE77914}"
EndProject
Project("{2150E333-8FDC-42A3-9474-1A3956D46DE8}") = "Basket", "Basket", "{7ABAC98A-26FD-487C-A679-101F8ED54792}"
EndProject
Project("{9A19103F-16F7-4668-BE54-9A1E7A4F7556}") = "Basket.API", "Services\Basket\Basket.API\Basket.API.csproj", "{E1EEDB81-574D-40B0-959E-40688E9B22CC}"
EndProject
Project("{2150E333-8FDC-42A3-9474-1A3956D46DE8}") = "Discount", "Discount", "{D12A836C-66F8-4139-B0FA-BE42040A7C39}"
EndProject
Project("{9A19103F-16F7-4668-BE54-9A1E7A4F7556}") = "Discount.Grpc", "Services\Discount\Discount.Grpc\Discount.Grpc.csproj", "{147927A8-089A-477C-8349-040A06D70EA4}"
EndProject
Project("{2150E333-8FDC-42A3-9474-1A3956D46DE8}") = "Ordering", "Ordering", "{806986A6-91E4-474E-9E0A-AB70874F2BBF}"
EndProject
Project("{9A19103F-16F7-4668-BE54-9A1E7A4F7556}") = "Ordering.API", "Services\Ordering\Ordering.API\Ordering.API.csproj", "{09F2DF38-73E8-463F-9AD2-52756075C095}"
EndProject
Project("{9A19103F-16F7-4668-BE54-9A1E7A4F7556}") = "Ordering.Domain", "Services\Ordering\Ordering.Domain\Ordering.Domain.csproj", "{D4E3F3F5-8558-4EA9-AC97-F36799E3B0A2}"
EndProject
Project("{9A19103F-16F7-4668-BE54-9A1E7A4F7556}") = "Ordering.Application", "Services\Ordering\Ordering.Application\Ordering.Application.csproj", "{F9916160-9566-4E76-A93E-7CA079F305EF}"
EndProject
Project("{9A19103F-16F7-4668-BE54-9A1E7A4F7556}") = "Ordering.Infrastructure", "Services\Ordering\Ordering.Infrastructure\Ordering.Infrastructure.csproj", "{D952272B-607A-4AAA-8296-3FA68AA8D534}"
EndProject
Project("{9A19103F-16F7-4668-BE54-9A1E7A4F7556}") = "BuildingBlocks.Messaging", "BuildingBlocks\BuildingBlocks.Messaging\BuildingBlocks.Messaging.csproj", "{D670AE4A-3BBE-4E06-AE0F-2F64BCD6D465}"
EndProject
Project("{2150E333-8FDC-42A3-9474-1A3956D46DE8}") = "ApiGateways", "ApiGateways", "{834AD1A4-C394-4E63-8591-7258F255476E}"
EndProject
Project("{9A19103F-16F7-4668-BE54-9A1E7A4F7556}") = "YarpApiGateway", "ApiGateways\YarpApiGateway\YarpApiGateway.csproj", "{3593C60B-EB77-4791-9470-5B320BE51308}"
EndProject
Project("{2150E333-8FDC-42A3-9474-1A3956D46DE8}") = "WebApps", "WebApps", "{A80C0D9F-845B-4373-8C6F-D670C4EA5BF3}"
EndProject
Project("{9A19103F-16F7-4668-BE54-9A1E7A4F7556}") = "Shopping.Web", "WebApps\Shopping.Web\Shopping.Web.csproj", "{F08343B5-6B2C-4AB0-BE4D-2B15A2E50AB2}"
EndProject
Global
	GlobalSection(SolutionConfigurationPlatforms) = preSolution
		Debug|Any CPU = Debug|Any CPU
		Release|Any CPU = Release|Any CPU
	EndGlobalSection
	GlobalSection(ProjectConfigurationPlatforms) = postSolution
		{83DF9125-E919-4158-A03B-97441B08470D}.Debug|Any CPU.ActiveCfg = Debug|Any CPU
		{83DF9125-E919-4158-A03B-97441B08470D}.Debug|Any CPU.Build.0 = Debug|Any CPU
		{83DF9125-E919-4158-A03B-97441B08470D}.Release|Any CPU.ActiveCfg = Release|Any CPU
		{83DF9125-E919-4158-A03B-97441B08470D}.Release|Any CPU.Build.0 = Release|Any CPU
		{3F51C5F7-5538-4F64-B9F0-CB70B67E8834}.Debug|Any CPU.ActiveCfg = Debug|Any CPU
		{3F51C5F7-5538-4F64-B9F0-CB70B67E8834}.Debug|Any CPU.Build.0 = Debug|Any CPU
		{3F51C5F7-5538-4F64-B9F0-CB70B67E8834}.Release|Any CPU.ActiveCfg = Release|Any CPU
		{3F51C5F7-5538-4F64-B9F0-CB70B67E8834}.Release|Any CPU.Build.0 = Release|Any CPU
		{07C5511C-A884-4AD2-8C46-7FA58FE77914}.Debug|Any CPU.ActiveCfg = Debug|Any CPU
		{07C5511C-A884-4AD2-8C46-7FA58FE77914}.Debug|Any CPU.Build.0 = Debug|Any CPU
		{07C5511C-A884-4AD2-8C46-7FA58FE77914}.Release|Any CPU.ActiveCfg = Release|Any CPU
		{07C5511C-A884-4AD2-8C46-7FA58FE77914}.Release|Any CPU.Build.0 = Release|Any CPU
		{E1EEDB81-574D-40B0-959E-40688E9B22CC}.Debug|Any CPU.ActiveCfg = Debug|Any CPU
		{E1EEDB81-574D-40B0-959E-40688E9B22CC}.Debug|Any CPU.Build.0 = Debug|Any CPU
		{E1EEDB81-574D-40B0-959E-40688E9B22CC}.Release|Any CPU.ActiveCfg = Release|Any CPU
		{E1EEDB81-574D-40B0-959E-40688E9B22CC}.Release|Any CPU.Build.0 = Release|Any CPU
		{147927A8-089A-477C-8349-040A06D70EA4}.Debug|Any CPU.ActiveCfg = Debug|Any CPU
		{147927A8-089A-477C-8349-040A06D70EA4}.Debug|Any CPU.Build.0 = Debug|Any CPU
		{147927A8-089A-477C-8349-040A06D70EA4}.Release|Any CPU.ActiveCfg = Release|Any CPU
		{147927A8-089A-477C-8349-040A06D70EA4}.Release|Any CPU.Build.0 = Release|Any CPU
		{09F2DF38-73E8-463F-9AD2-52756075C095}.Debug|Any CPU.ActiveCfg = Debug|Any CPU
		{09F2DF38-73E8-463F-9AD2-52756075C095}.Debug|Any CPU.Build.0 = Debug|Any CPU
		{09F2DF38-73E8-463F-9AD2-52756075C095}.Release|Any CPU.ActiveCfg = Release|Any CPU
		{09F2DF38-73E8-463F-9AD2-52756075C095}.Release|Any CPU.Build.0 = Release|Any CPU
		{D4E3F3F5-8558-4EA9-AC97-F36799E3B0A2}.Debug|Any CPU.ActiveCfg = Debug|Any CPU
		{D4E3F3F5-8558-4EA9-AC97-F36799E3B0A2}.Debug|Any CPU.Build.0 = Debug|Any CPU
		{D4E3F3F5-8558-4EA9-AC97-F36799E3B0A2}.Release|Any CPU.ActiveCfg = Release|Any CPU
		{D4E3F3F5-8558-4EA9-AC97-F36799E3B0A2}.Release|Any CPU.Build.0 = Release|Any CPU
		{F9916160-9566-4E76-A93E-7CA079F305EF}.Debug|Any CPU.ActiveCfg = Debug|Any CPU
		{F9916160-9566-4E76-A93E-7CA079F305EF}.Debug|Any CPU.Build.0 = Debug|Any CPU
		{F9916160-9566-4E76-A93E-7CA079F305EF}.Release|Any CPU.ActiveCfg = Release|Any CPU
		{F9916160-9566-4E76-A93E-7CA079F305EF}.Release|Any CPU.Build.0 = Release|Any CPU
		{D952272B-607A-4AAA-8296-3FA68AA8D534}.Debug|Any CPU.ActiveCfg = Debug|Any CPU
		{D952272B-607A-4AAA-8296-3FA68AA8D534}.Debug|Any CPU.Build.0 = Debug|Any CPU
		{D952272B-607A-4AAA-8296-3FA68AA8D534}.Release|Any CPU.ActiveCfg = Release|Any CPU
		{D952272B-607A-4AAA-8296-3FA68AA8D534}.Release|Any CPU.Build.0 = Release|Any CPU
		{D670AE4A-3BBE-4E06-AE0F-2F64BCD6D465}.Debug|Any CPU.ActiveCfg = Debug|Any CPU
		{D670AE4A-3BBE-4E06-AE0F-2F64BCD6D465}.Debug|Any CPU.Build.0 = Debug|Any CPU
		{D670AE4A-3BBE-4E06-AE0F-2F64BCD6D465}.Release|Any CPU.ActiveCfg = Release|Any CPU
		{D670AE4A-3BBE-4E06-AE0F-2F64BCD6D465}.Release|Any CPU.Build.0 = Release|Any CPU
		{3593C60B-EB77-4791-9470-5B320BE51308}.Debug|Any CPU.ActiveCfg = Debug|Any CPU
		{3593C60B-EB77-4791-9470-5B320BE51308}.Debug|Any CPU.Build.0 = Debug|Any CPU
		{3593C60B-EB77-4791-9470-5B320BE51308}.Release|Any CPU.ActiveCfg = Release|Any CPU
		{3593C60B-EB77-4791-9470-5B320BE51308}.Release|Any CPU.Build.0 = Release|Any CPU
		{F08343B5-6B2C-4AB0-BE4D-2B15A2E50AB2}.Debug|Any CPU.ActiveCfg = Debug|Any CPU
		{F08343B5-6B2C-4AB0-BE4D-2B15A2E50AB2}.Debug|Any CPU.Build.0 = Debug|Any CPU
		{F08343B5-6B2C-4AB0-BE4D-2B15A2E50AB2}.Release|Any CPU.ActiveCfg = Release|Any CPU
		{F08343B5-6B2C-4AB0-BE4D-2B15A2E50AB2}.Release|Any CPU.Build.0 = Release|Any CPU
	EndGlobalSection
	GlobalSection(SolutionProperties) = preSolution
		HideSolutionNode = FALSE
	EndGlobalSection
	GlobalSection(NestedProjects) = preSolution
		{AE50C3FC-48C8-40FF-8F5F-E0925A801CCB} = {60C2679B-E44F-4386-8056-11C0975B70BF}
		{83DF9125-E919-4158-A03B-97441B08470D} = {AE50C3FC-48C8-40FF-8F5F-E0925A801CCB}
		{3F51C5F7-5538-4F64-B9F0-CB70B67E8834} = {85D72857-070C-4EB3-8F9B-782856C84C7A}
		{7ABAC98A-26FD-487C-A679-101F8ED54792} = {60C2679B-E44F-4386-8056-11C0975B70BF}
		{E1EEDB81-574D-40B0-959E-40688E9B22CC} = {7ABAC98A-26FD-487C-A679-101F8ED54792}
		{D12A836C-66F8-4139-B0FA-BE42040A7C39} = {60C2679B-E44F-4386-8056-11C0975B70BF}
		{147927A8-089A-477C-8349-040A06D70EA4} = {D12A836C-66F8-4139-B0FA-BE42040A7C39}
		{806986A6-91E4-474E-9E0A-AB70874F2BBF} = {60C2679B-E44F-4386-8056-11C0975B70BF}
		{09F2DF38-73E8-463F-9AD2-52756075C095} = {806986A6-91E4-474E-9E0A-AB70874F2BBF}
		{D4E3F3F5-8558-4EA9-AC97-F36799E3B0A2} = {806986A6-91E4-474E-9E0A-AB70874F2BBF}
		{F9916160-9566-4E76-A93E-7CA079F305EF} = {806986A6-91E4-474E-9E0A-AB70874F2BBF}
		{D952272B-607A-4AAA-8296-3FA68AA8D534} = {806986A6-91E4-474E-9E0A-AB70874F2BBF}
		{D670AE4A-3BBE-4E06-AE0F-2F64BCD6D465} = {85D72857-070C-4EB3-8F9B-782856C84C7A}
		{3593C60B-EB77-4791-9470-5B320BE51308} = {834AD1A4-C394-4E63-8591-7258F255476E}
		{F08343B5-6B2C-4AB0-BE4D-2B15A2E50AB2} = {A80C0D9F-845B-4373-8C6F-D670C4EA5BF3}
	EndGlobalSection
	GlobalSection(ExtensibilityGlobals) = postSolution
		SolutionGuid = {97F352E4-B502-4671-98AF-AD0997E3CC83}
	EndGlobalSection
EndGlobal
